
Microsoft Visual Studio Solution File, Format Version 12.00
# Visual Studio 2013
VisualStudioVersion = 12.0.30723.0
MinimumVisualStudioVersion = 10.0.40219.1
Project("{8BC9CEB8-8B4A-11D0-8D11-00A0C91BC942}") = "test1", "test1\test1.vcxproj", "{325D6164-4D22-4063-B002-9A06ECAAC44B}"
EndProject
Global
	GlobalSection(SolutionConfigurationPlatforms) = preSolution
		Debug|Win32 = Debug|Win32
		Release|Win32 = Release|Win32
	EndGlobalSection
	GlobalSection(ProjectConfigurationPlatforms) = postSolution
		{325D6164-4D22-4063-B002-9A06ECAAC44B}.Debug|Win32.ActiveCfg = Debug|Win32
		{325D6164-4D22-4063-B002-9A06ECAAC44B}.Debug|Win32.Build.0 = Debug|Win32
		{325D6164-4D22-4063-B002-9A06ECAAC44B}.Release|Win32.ActiveCfg = Release|Win32
		{325D6164-4D22-4063-B002-9A06ECAAC44B}.Release|Win32.Build.0 = Release|Win32
	EndGlobalSection
	GlobalSection(SolutionProperties) = preSolution
		HideSolutionNode = FALSE
	EndGlobalSection
EndGlobal
